
Microsoft Visual Studio Solution File, Format Version 12.00
# Visual Studio Version 17
VisualStudioVersion = 17.8.34330.188
MinimumVisualStudioVersion = 10.0.40219.1
Project("{FAE04EC0-301F-11D3-BF4B-00C04F79EFBC}") = "BlazorStaticWebLab", "BlazorStaticWebLab.csproj", "{1351486C-EBD8-4F11-BFCA-7034655F0F97}"
EndProject
Global
	GlobalSection(SolutionConfigurationPlatforms) = preSolution
		Debug|Any CPU = Debug|Any CPU
		Release|Any CPU = Release|Any CPU
	EndGlobalSection
	GlobalSection(ProjectConfigurationPlatforms) = postSolution
		{1351486C-EBD8-4F11-BFCA-7034655F0F97}.Debug|Any CPU.ActiveCfg = Debug|Any CPU
		{1351486C-EBD8-4F11-BFCA-7034655F0F97}.Debug|Any CPU.Build.0 = Debug|Any CPU
		{1351486C-EBD8-4F11-BFCA-7034655F0F97}.Release|Any CPU.ActiveCfg = Release|Any CPU
		{1351486C-EBD8-4F11-BFCA-7034655F0F97}.Release|Any CPU.Build.0 = Release|Any CPU
	EndGlobalSection
	GlobalSection(SolutionProperties) = preSolution
		HideSolutionNode = FALSE
	EndGlobalSection
	GlobalSection(ExtensibilityGlobals) = postSolution
		SolutionGuid = {E333AEC6-6282-425D-B51A-9926FC895CEC}
	EndGlobalSection
EndGlobal
